
Microsoft Visual Studio Solution File, Format Version 12.00
# Visual Studio Version 17
VisualStudioVersion = 17.14.36429.23 d17.14
MinimumVisualStudioVersion = 10.0.40219.1
Project("{FAE04EC0-301F-11D3-BF4B-00C04F79EFBC}") = "playMP3", "playMP3.csproj", "{D7CED40C-902A-4004-B977-B13E25687A2A}"
EndProject
Global
	GlobalSection(SolutionConfigurationPlatforms) = preSolution
		Debug|Any CPU = Debug|Any CPU
		Release|Any CPU = Release|Any CPU
	EndGlobalSection
	GlobalSection(ProjectConfigurationPlatforms) = postSolution
		{D7CED40C-902A-4004-B977-B13E25687A2A}.Debug|Any CPU.ActiveCfg = Debug|Any CPU
		{D7CED40C-902A-4004-B977-B13E25687A2A}.Debug|Any CPU.Build.0 = Debug|Any CPU
		{D7CED40C-902A-4004-B977-B13E25687A2A}.Release|Any CPU.ActiveCfg = Release|Any CPU
		{D7CED40C-902A-4004-B977-B13E25687A2A}.Release|Any CPU.Build.0 = Release|Any CPU
	EndGlobalSection
	GlobalSection(SolutionProperties) = preSolution
		HideSolutionNode = FALSE
	EndGlobalSection
	GlobalSection(ExtensibilityGlobals) = postSolution
		SolutionGuid = {45266729-35FD-44A5-863C-0A7D2617A330}
	EndGlobalSection
EndGlobal
